
Microsoft Visual Studio Solution File, Format Version 12.00
# Visual Studio Version 17
VisualStudioVersion = 17.13.35931.197 d17.13
MinimumVisualStudioVersion = 10.0.40219.1
Project("{FAE04EC0-301F-11D3-BF4B-00C04F79EFBC}") = "SimulasiTabungan", "SimulasiTabungan\SimulasiTabungan.csproj", "{647E31E5-0CEE-4FC9-BD45-70A27DE4A241}"
EndProject
Project("{FAE04EC0-301F-11D3-BF4B-00C04F79EFBC}") = "SimulasiTabungan.Tests", "SimulasiTabungan.Tests\SimulasiTabungan.Tests.csproj", "{B86A8BE7-F9B8-44FB-B189-F524228D28A6}"
EndProject
Global
	GlobalSection(SolutionConfigurationPlatforms) = preSolution
		Debug|Any CPU = Debug|Any CPU
		Release|Any CPU = Release|Any CPU
	EndGlobalSection
	GlobalSection(ProjectConfigurationPlatforms) = postSolution
		{647E31E5-0CEE-4FC9-BD45-70A27DE4A241}.Debug|Any CPU.ActiveCfg = Debug|Any CPU
		{647E31E5-0CEE-4FC9-BD45-70A27DE4A241}.Debug|Any CPU.Build.0 = Debug|Any CPU
		{647E31E5-0CEE-4FC9-BD45-70A27DE4A241}.Release|Any CPU.ActiveCfg = Release|Any CPU
		{647E31E5-0CEE-4FC9-BD45-70A27DE4A241}.Release|Any CPU.Build.0 = Release|Any CPU
		{B86A8BE7-F9B8-44FB-B189-F524228D28A6}.Debug|Any CPU.ActiveCfg = Debug|Any CPU
		{B86A8BE7-F9B8-44FB-B189-F524228D28A6}.Debug|Any CPU.Build.0 = Debug|Any CPU
		{B86A8BE7-F9B8-44FB-B189-F524228D28A6}.Release|Any CPU.ActiveCfg = Release|Any CPU
		{B86A8BE7-F9B8-44FB-B189-F524228D28A6}.Release|Any CPU.Build.0 = Release|Any CPU
	EndGlobalSection
	GlobalSection(SolutionProperties) = preSolution
		HideSolutionNode = FALSE
	EndGlobalSection
	GlobalSection(ExtensibilityGlobals) = postSolution
		SolutionGuid = {033D77D8-C1E6-4445-936D-5AEA9530A149}
	EndGlobalSection
EndGlobal
