
Microsoft Visual Studio Solution File, Format Version 12.00
# Visual Studio Version 17
VisualStudioVersion = 17.13.35931.197 d17.13
MinimumVisualStudioVersion = 10.0.40219.1
Project("{FAE04EC0-301F-11D3-BF4B-00C04F79EFBC}") = "MoneyManagement", "MoneyManagement\MoneyManagement.csproj", "{DC5280E0-BC73-467F-A3BF-E58B4AD92A63}"
EndProject
Project("{FAE04EC0-301F-11D3-BF4B-00C04F79EFBC}") = "UnitTesting History", "UnitTesting History\UnitTesting History.csproj", "{A894503B-77E1-44EF-B66C-86815BB80969}"
EndProject
Global
	GlobalSection(SolutionConfigurationPlatforms) = preSolution
		Debug|Any CPU = Debug|Any CPU
		Release|Any CPU = Release|Any CPU
	EndGlobalSection
	GlobalSection(ProjectConfigurationPlatforms) = postSolution
		{DC5280E0-BC73-467F-A3BF-E58B4AD92A63}.Debug|Any CPU.ActiveCfg = Debug|Any CPU
		{DC5280E0-BC73-467F-A3BF-E58B4AD92A63}.Debug|Any CPU.Build.0 = Debug|Any CPU
		{DC5280E0-BC73-467F-A3BF-E58B4AD92A63}.Release|Any CPU.ActiveCfg = Release|Any CPU
		{DC5280E0-BC73-467F-A3BF-E58B4AD92A63}.Release|Any CPU.Build.0 = Release|Any CPU
		{A894503B-77E1-44EF-B66C-86815BB80969}.Debug|Any CPU.ActiveCfg = Debug|Any CPU
		{A894503B-77E1-44EF-B66C-86815BB80969}.Debug|Any CPU.Build.0 = Debug|Any CPU
		{A894503B-77E1-44EF-B66C-86815BB80969}.Release|Any CPU.ActiveCfg = Release|Any CPU
		{A894503B-77E1-44EF-B66C-86815BB80969}.Release|Any CPU.Build.0 = Release|Any CPU
	EndGlobalSection
	GlobalSection(SolutionProperties) = preSolution
		HideSolutionNode = FALSE
	EndGlobalSection
	GlobalSection(ExtensibilityGlobals) = postSolution
		SolutionGuid = {4F191273-C4AC-4883-9E0C-974ADE70531F}
	EndGlobalSection
EndGlobal
